
Microsoft Visual Studio Solution File, Format Version 12.00
# Visual Studio 15
VisualStudioVersion = 15.0.28010.2036
MinimumVisualStudioVersion = 10.0.40219.1
Project("{9A19103F-16F7-4668-BE54-9A1E7A4F7556}") = "Test.Web", "Test.Web\Test.Web.csproj", "{4F68A98D-1E3D-4B7F-9D57-D01A41AB15C4}"
EndProject
Project("{9A19103F-16F7-4668-BE54-9A1E7A4F7556}") = "Test.Data", "Test.Data\Test.Data.csproj", "{DBCFDBAB-BC33-4319-98B6-A5A1936C263C}"
EndProject
Project("{9A19103F-16F7-4668-BE54-9A1E7A4F7556}") = "Test.Core", "Test.Core\Test.Core.csproj", "{377731B8-16ED-40A3-ABAE-11FC5E0B690E}"
EndProject
Project("{FAE04EC0-301F-11D3-BF4B-00C04F79EFBC}") = "Test.Tests", "Test.Tests\Test.Tests.csproj", "{0F2A5918-3705-4BF5-8431-F59395438272}"
EndProject
Global
	GlobalSection(SolutionConfigurationPlatforms) = preSolution
		Debug|Any CPU = Debug|Any CPU
		Release|Any CPU = Release|Any CPU
	EndGlobalSection
	GlobalSection(ProjectConfigurationPlatforms) = postSolution
		{4F68A98D-1E3D-4B7F-9D57-D01A41AB15C4}.Debug|Any CPU.ActiveCfg = Debug|Any CPU
		{4F68A98D-1E3D-4B7F-9D57-D01A41AB15C4}.Debug|Any CPU.Build.0 = Debug|Any CPU
		{4F68A98D-1E3D-4B7F-9D57-D01A41AB15C4}.Release|Any CPU.ActiveCfg = Release|Any CPU
		{4F68A98D-1E3D-4B7F-9D57-D01A41AB15C4}.Release|Any CPU.Build.0 = Release|Any CPU
		{DBCFDBAB-BC33-4319-98B6-A5A1936C263C}.Debug|Any CPU.ActiveCfg = Debug|Any CPU
		{DBCFDBAB-BC33-4319-98B6-A5A1936C263C}.Debug|Any CPU.Build.0 = Debug|Any CPU
		{DBCFDBAB-BC33-4319-98B6-A5A1936C263C}.Release|Any CPU.ActiveCfg = Release|Any CPU
		{DBCFDBAB-BC33-4319-98B6-A5A1936C263C}.Release|Any CPU.Build.0 = Release|Any CPU
		{377731B8-16ED-40A3-ABAE-11FC5E0B690E}.Debug|Any CPU.ActiveCfg = Debug|Any CPU
		{377731B8-16ED-40A3-ABAE-11FC5E0B690E}.Debug|Any CPU.Build.0 = Debug|Any CPU
		{377731B8-16ED-40A3-ABAE-11FC5E0B690E}.Release|Any CPU.ActiveCfg = Release|Any CPU
		{377731B8-16ED-40A3-ABAE-11FC5E0B690E}.Release|Any CPU.Build.0 = Release|Any CPU
		{0F2A5918-3705-4BF5-8431-F59395438272}.Debug|Any CPU.ActiveCfg = Debug|Any CPU
		{0F2A5918-3705-4BF5-8431-F59395438272}.Debug|Any CPU.Build.0 = Debug|Any CPU
		{0F2A5918-3705-4BF5-8431-F59395438272}.Release|Any CPU.ActiveCfg = Release|Any CPU
		{0F2A5918-3705-4BF5-8431-F59395438272}.Release|Any CPU.Build.0 = Release|Any CPU
	EndGlobalSection
	GlobalSection(SolutionProperties) = preSolution
		HideSolutionNode = FALSE
	EndGlobalSection
	GlobalSection(ExtensibilityGlobals) = postSolution
		SolutionGuid = {98057B09-70C1-480D-9BF6-55ECA8161284}
	EndGlobalSection
EndGlobal
